name: lock-check

on:
  pull_request:

permissions:
  contents: read

jobs:
  lock-check:
    runs-on: ubuntu-latest
    steps:
      - uses: github/lock@v2.1.3
        id: lock
        with:
          mode: check

      - name: lock status
        run: |
          echo "Lock status: ${{ steps.lock.outputs.locked }}"

          if [ ${{ steps.lock.outputs.locked }} == false ]; then
            echo "No lock in place"
              exit 0
          fi

          echo "Locked by: ${{ steps.lock.outputs.created_by }}"
          echo "Pull request creator: ${{ github.event.pull_request.user.login }}"

          if [ ${{ steps.lock.outputs.created_by }} == ${{ github.event.pull_request.user.login }} ]; then
            echo "Lock was created by current pull request creator"
            exit 0
          fi

          exit 1
